
Microsoft Visual Studio Solution File, Format Version 12.00
Project("{2150E333-8FDC-42A3-9474-1A3956D46DE8}") = "src", "src", "{4FDC2D61-D5A2-4A05-A99F-0DFC222072FC}"
EndProject
Project("{2150E333-8FDC-42A3-9474-1A3956D46DE8}") = "API", "API", "{25128BB8-CBA5-40CE-8488-E4C8B822DC22}"
EndProject
Project("{2150E333-8FDC-42A3-9474-1A3956D46DE8}") = "Modules", "Modules", "{15CFC471-2ED9-4CE6-9EB5-C74A95D60362}"
EndProject
Project("{2150E333-8FDC-42A3-9474-1A3956D46DE8}") = "Events", "Events", "{C6D4CBB2-F19C-4830-A15E-A73477D4401D}"
EndProject
Project("{2150E333-8FDC-42A3-9474-1A3956D46DE8}") = "Solution Items", "Solution Items", "{F47CC8D8-DFAE-4D83-8AF5-CA81CC942FFA}"
	ProjectSection(SolutionItems) = preProject
		Directory.build.props = Directory.build.props
		docker-compose.yaml = docker-compose.yaml
		docker-compose.override.yaml = docker-compose.override.yaml
	EndProjectSection
EndProject
Project("{FAE04EC0-301F-11D3-BF4B-00C04F79EFBC}") = "Evently.Api", "src\API\Evently.Api\Evently.Api.csproj", "{1A57BD97-CDA6-44CB-8947-3951BA2915FF}"
EndProject
Project("{FAE04EC0-301F-11D3-BF4B-00C04F79EFBC}") = "Evently.Modules.Events.Domain", "src\Modules\Events\Evently.Modules.Events.Domain\Evently.Modules.Events.Domain.csproj", "{573274EA-71C2-4979-B1D8-2E178049FDA7}"
EndProject
Project("{FAE04EC0-301F-11D3-BF4B-00C04F79EFBC}") = "Evently.Modules.Events.Application", "src\Modules\Events\Evently.Modules.Events.Application\Evently.Modules.Events.Application.csproj", "{E3ED18F9-DBCB-41C0-99AE-39CC5897E004}"
EndProject
Project("{FAE04EC0-301F-11D3-BF4B-00C04F79EFBC}") = "Evently.Modules.Events.Infrastructure", "src\Modules\Events\Evently.Modules.Events.Infrastructure\Evently.Modules.Events.Infrastructure.csproj", "{562A84E0-1EC4-4676-AB69-FE94988F7F8F}"
EndProject
Project("{FAE04EC0-301F-11D3-BF4B-00C04F79EFBC}") = "Evently.Modules.Events.Presentation", "src\Modules\Events\Evently.Modules.Events.Presentation\Evently.Modules.Events.Presentation.csproj", "{E2BD17BF-E198-40E2-9009-96B4A760CDC1}"
EndProject
Project("{2150E333-8FDC-42A3-9474-1A3956D46DE8}") = "Common", "Common", "{05675AA1-7DE3-4089-AEFF-D97A4E1CA86F}"
EndProject
Project("{FAE04EC0-301F-11D3-BF4B-00C04F79EFBC}") = "Evently.Common.Application", "src\Common\Evently.Common.Application\Evently.Common.Application.csproj", "{04BA949B-28FD-4778-B97D-E03FD658BDF8}"
EndProject
Project("{FAE04EC0-301F-11D3-BF4B-00C04F79EFBC}") = "Evently.Common.Domain", "src\Common\Evently.Common.Domain\Evently.Common.Domain.csproj", "{708106E6-9EE6-4AEB-A51E-5AB951DF4AB8}"
EndProject
Project("{FAE04EC0-301F-11D3-BF4B-00C04F79EFBC}") = "Evently.Common.Infrastructure", "src\Common\Evently.Common.Infrastructure\Evently.Common.Infrastructure.csproj", "{4E64BB73-17D9-4E0E-9150-2ED3D7C240C9}"
EndProject
Project("{FAE04EC0-301F-11D3-BF4B-00C04F79EFBC}") = "Evently.Common.Presentation", "src\Common\Evently.Common.Presentation\Evently.Common.Presentation.csproj", "{009F3730-ED0B-490E-831D-CEB4FC779EA6}"
EndProject
Project("{2150E333-8FDC-42A3-9474-1A3956D46DE8}") = "Users", "Users", "{525CF2B7-F409-4B76-A424-410A793C4CED}"
EndProject
Project("{FAE04EC0-301F-11D3-BF4B-00C04F79EFBC}") = "Evently.Modules.Users.Application", "src\Modules\Users\Evently.Modules.Users.Application\Evently.Modules.Users.Application.csproj", "{A12A249B-2A13-4FC9-884C-73E8BF224E22}"
EndProject
Project("{FAE04EC0-301F-11D3-BF4B-00C04F79EFBC}") = "Evently.Modules.Users.Domain", "src\Modules\Users\Evently.Modules.Users.Domain\Evently.Modules.Users.Domain.csproj", "{5888F890-253A-4D39-BC54-6EF6BFE1E6F6}"
EndProject
Project("{FAE04EC0-301F-11D3-BF4B-00C04F79EFBC}") = "Evently.Modules.Users.Infrastructure", "src\Modules\Users\Evently.Modules.Users.Infrastructure\Evently.Modules.Users.Infrastructure.csproj", "{BEBB7081-3144-49A1-83CF-FA843D4530BB}"
EndProject
Project("{FAE04EC0-301F-11D3-BF4B-00C04F79EFBC}") = "Evently.Modules.Users.Presentation", "src\Modules\Users\Evently.Modules.Users.Presentation\Evently.Modules.Users.Presentation.csproj", "{A682BB3C-FC02-48CF-99F1-1D48F0DBB80C}"
EndProject
Project("{2150E333-8FDC-42A3-9474-1A3956D46DE8}") = "Ticketing", "Ticketing", "{B5529F4B-9FC1-4D94-B322-64733B59A246}"
EndProject
Project("{FAE04EC0-301F-11D3-BF4B-00C04F79EFBC}") = "Evently.Modules.Ticketing.Application", "src\Modules\Ticketing\Evently.Modules.Ticketing.Application\Evently.Modules.Ticketing.Application.csproj", "{505BE5E4-6914-4051-9FE0-239F70423725}"
EndProject
Project("{FAE04EC0-301F-11D3-BF4B-00C04F79EFBC}") = "Evently.Modules.Ticketing.Domain", "src\Modules\Ticketing\Evently.Modules.Ticketing.Domain\Evently.Modules.Ticketing.Domain.csproj", "{17781791-3EB2-459B-AABC-F14C9F933E87}"
EndProject
Project("{FAE04EC0-301F-11D3-BF4B-00C04F79EFBC}") = "Evently.Modules.Ticketing.Infrastructure", "src\Modules\Ticketing\Evently.Modules.Ticketing.Infrastructure\Evently.Modules.Ticketing.Infrastructure.csproj", "{65A6FF68-F536-413D-8625-7E50DAB473C1}"
EndProject
Project("{FAE04EC0-301F-11D3-BF4B-00C04F79EFBC}") = "Evently.Modules.Ticketing.Presentation", "src\Modules\Ticketing\Evently.Modules.Ticketing.Presentation\Evently.Modules.Ticketing.Presentation.csproj", "{0D695C7B-96A5-4A3A-BF65-ADA857804188}"
EndProject
Global
	GlobalSection(SolutionConfigurationPlatforms) = preSolution
		Debug|Any CPU = Debug|Any CPU
		Release|Any CPU = Release|Any CPU
	EndGlobalSection
	GlobalSection(ProjectConfigurationPlatforms) = postSolution
		{1A57BD97-CDA6-44CB-8947-3951BA2915FF}.Debug|Any CPU.ActiveCfg = Debug|Any CPU
		{1A57BD97-CDA6-44CB-8947-3951BA2915FF}.Debug|Any CPU.Build.0 = Debug|Any CPU
		{1A57BD97-CDA6-44CB-8947-3951BA2915FF}.Release|Any CPU.ActiveCfg = Release|Any CPU
		{1A57BD97-CDA6-44CB-8947-3951BA2915FF}.Release|Any CPU.Build.0 = Release|Any CPU
		{573274EA-71C2-4979-B1D8-2E178049FDA7}.Debug|Any CPU.ActiveCfg = Debug|Any CPU
		{573274EA-71C2-4979-B1D8-2E178049FDA7}.Debug|Any CPU.Build.0 = Debug|Any CPU
		{573274EA-71C2-4979-B1D8-2E178049FDA7}.Release|Any CPU.ActiveCfg = Release|Any CPU
		{573274EA-71C2-4979-B1D8-2E178049FDA7}.Release|Any CPU.Build.0 = Release|Any CPU
		{E3ED18F9-DBCB-41C0-99AE-39CC5897E004}.Debug|Any CPU.ActiveCfg = Debug|Any CPU
		{E3ED18F9-DBCB-41C0-99AE-39CC5897E004}.Debug|Any CPU.Build.0 = Debug|Any CPU
		{E3ED18F9-DBCB-41C0-99AE-39CC5897E004}.Release|Any CPU.ActiveCfg = Release|Any CPU
		{E3ED18F9-DBCB-41C0-99AE-39CC5897E004}.Release|Any CPU.Build.0 = Release|Any CPU
		{562A84E0-1EC4-4676-AB69-FE94988F7F8F}.Debug|Any CPU.ActiveCfg = Debug|Any CPU
		{562A84E0-1EC4-4676-AB69-FE94988F7F8F}.Debug|Any CPU.Build.0 = Debug|Any CPU
		{562A84E0-1EC4-4676-AB69-FE94988F7F8F}.Release|Any CPU.ActiveCfg = Release|Any CPU
		{562A84E0-1EC4-4676-AB69-FE94988F7F8F}.Release|Any CPU.Build.0 = Release|Any CPU
		{E2BD17BF-E198-40E2-9009-96B4A760CDC1}.Debug|Any CPU.ActiveCfg = Debug|Any CPU
		{E2BD17BF-E198-40E2-9009-96B4A760CDC1}.Debug|Any CPU.Build.0 = Debug|Any CPU
		{E2BD17BF-E198-40E2-9009-96B4A760CDC1}.Release|Any CPU.ActiveCfg = Release|Any CPU
		{E2BD17BF-E198-40E2-9009-96B4A760CDC1}.Release|Any CPU.Build.0 = Release|Any CPU
		{04BA949B-28FD-4778-B97D-E03FD658BDF8}.Debug|Any CPU.ActiveCfg = Debug|Any CPU
		{04BA949B-28FD-4778-B97D-E03FD658BDF8}.Debug|Any CPU.Build.0 = Debug|Any CPU
		{04BA949B-28FD-4778-B97D-E03FD658BDF8}.Release|Any CPU.ActiveCfg = Release|Any CPU
		{04BA949B-28FD-4778-B97D-E03FD658BDF8}.Release|Any CPU.Build.0 = Release|Any CPU
		{708106E6-9EE6-4AEB-A51E-5AB951DF4AB8}.Debug|Any CPU.ActiveCfg = Debug|Any CPU
		{708106E6-9EE6-4AEB-A51E-5AB951DF4AB8}.Debug|Any CPU.Build.0 = Debug|Any CPU
		{708106E6-9EE6-4AEB-A51E-5AB951DF4AB8}.Release|Any CPU.ActiveCfg = Release|Any CPU
		{708106E6-9EE6-4AEB-A51E-5AB951DF4AB8}.Release|Any CPU.Build.0 = Release|Any CPU
		{4E64BB73-17D9-4E0E-9150-2ED3D7C240C9}.Debug|Any CPU.ActiveCfg = Debug|Any CPU
		{4E64BB73-17D9-4E0E-9150-2ED3D7C240C9}.Debug|Any CPU.Build.0 = Debug|Any CPU
		{4E64BB73-17D9-4E0E-9150-2ED3D7C240C9}.Release|Any CPU.ActiveCfg = Release|Any CPU
		{4E64BB73-17D9-4E0E-9150-2ED3D7C240C9}.Release|Any CPU.Build.0 = Release|Any CPU
		{009F3730-ED0B-490E-831D-CEB4FC779EA6}.Debug|Any CPU.ActiveCfg = Debug|Any CPU
		{009F3730-ED0B-490E-831D-CEB4FC779EA6}.Debug|Any CPU.Build.0 = Debug|Any CPU
		{009F3730-ED0B-490E-831D-CEB4FC779EA6}.Release|Any CPU.ActiveCfg = Release|Any CPU
		{009F3730-ED0B-490E-831D-CEB4FC779EA6}.Release|Any CPU.Build.0 = Release|Any CPU
		{A12A249B-2A13-4FC9-884C-73E8BF224E22}.Debug|Any CPU.ActiveCfg = Debug|Any CPU
		{A12A249B-2A13-4FC9-884C-73E8BF224E22}.Debug|Any CPU.Build.0 = Debug|Any CPU
		{A12A249B-2A13-4FC9-884C-73E8BF224E22}.Release|Any CPU.ActiveCfg = Release|Any CPU
		{A12A249B-2A13-4FC9-884C-73E8BF224E22}.Release|Any CPU.Build.0 = Release|Any CPU
		{5888F890-253A-4D39-BC54-6EF6BFE1E6F6}.Debug|Any CPU.ActiveCfg = Debug|Any CPU
		{5888F890-253A-4D39-BC54-6EF6BFE1E6F6}.Debug|Any CPU.Build.0 = Debug|Any CPU
		{5888F890-253A-4D39-BC54-6EF6BFE1E6F6}.Release|Any CPU.ActiveCfg = Release|Any CPU
		{5888F890-253A-4D39-BC54-6EF6BFE1E6F6}.Release|Any CPU.Build.0 = Release|Any CPU
		{BEBB7081-3144-49A1-83CF-FA843D4530BB}.Debug|Any CPU.ActiveCfg = Debug|Any CPU
		{BEBB7081-3144-49A1-83CF-FA843D4530BB}.Debug|Any CPU.Build.0 = Debug|Any CPU
		{BEBB7081-3144-49A1-83CF-FA843D4530BB}.Release|Any CPU.ActiveCfg = Release|Any CPU
		{BEBB7081-3144-49A1-83CF-FA843D4530BB}.Release|Any CPU.Build.0 = Release|Any CPU
		{A682BB3C-FC02-48CF-99F1-1D48F0DBB80C}.Debug|Any CPU.ActiveCfg = Debug|Any CPU
		{A682BB3C-FC02-48CF-99F1-1D48F0DBB80C}.Debug|Any CPU.Build.0 = Debug|Any CPU
		{A682BB3C-FC02-48CF-99F1-1D48F0DBB80C}.Release|Any CPU.ActiveCfg = Release|Any CPU
		{A682BB3C-FC02-48CF-99F1-1D48F0DBB80C}.Release|Any CPU.Build.0 = Release|Any CPU
		{505BE5E4-6914-4051-9FE0-239F70423725}.Debug|Any CPU.ActiveCfg = Debug|Any CPU
		{505BE5E4-6914-4051-9FE0-239F70423725}.Debug|Any CPU.Build.0 = Debug|Any CPU
		{505BE5E4-6914-4051-9FE0-239F70423725}.Release|Any CPU.ActiveCfg = Release|Any CPU
		{505BE5E4-6914-4051-9FE0-239F70423725}.Release|Any CPU.Build.0 = Release|Any CPU
		{17781791-3EB2-459B-AABC-F14C9F933E87}.Debug|Any CPU.ActiveCfg = Debug|Any CPU
		{17781791-3EB2-459B-AABC-F14C9F933E87}.Debug|Any CPU.Build.0 = Debug|Any CPU
		{17781791-3EB2-459B-AABC-F14C9F933E87}.Release|Any CPU.ActiveCfg = Release|Any CPU
		{17781791-3EB2-459B-AABC-F14C9F933E87}.Release|Any CPU.Build.0 = Release|Any CPU
		{65A6FF68-F536-413D-8625-7E50DAB473C1}.Debug|Any CPU.ActiveCfg = Debug|Any CPU
		{65A6FF68-F536-413D-8625-7E50DAB473C1}.Debug|Any CPU.Build.0 = Debug|Any CPU
		{65A6FF68-F536-413D-8625-7E50DAB473C1}.Release|Any CPU.ActiveCfg = Release|Any CPU
		{65A6FF68-F536-413D-8625-7E50DAB473C1}.Release|Any CPU.Build.0 = Release|Any CPU
		{0D695C7B-96A5-4A3A-BF65-ADA857804188}.Debug|Any CPU.ActiveCfg = Debug|Any CPU
		{0D695C7B-96A5-4A3A-BF65-ADA857804188}.Debug|Any CPU.Build.0 = Debug|Any CPU
		{0D695C7B-96A5-4A3A-BF65-ADA857804188}.Release|Any CPU.ActiveCfg = Release|Any CPU
		{0D695C7B-96A5-4A3A-BF65-ADA857804188}.Release|Any CPU.Build.0 = Release|Any CPU
	EndGlobalSection
	GlobalSection(NestedProjects) = preSolution
		{25128BB8-CBA5-40CE-8488-E4C8B822DC22} = {4FDC2D61-D5A2-4A05-A99F-0DFC222072FC}
		{15CFC471-2ED9-4CE6-9EB5-C74A95D60362} = {4FDC2D61-D5A2-4A05-A99F-0DFC222072FC}
		{C6D4CBB2-F19C-4830-A15E-A73477D4401D} = {15CFC471-2ED9-4CE6-9EB5-C74A95D60362}
		{1A57BD97-CDA6-44CB-8947-3951BA2915FF} = {25128BB8-CBA5-40CE-8488-E4C8B822DC22}
		{573274EA-71C2-4979-B1D8-2E178049FDA7} = {C6D4CBB2-F19C-4830-A15E-A73477D4401D}
		{E3ED18F9-DBCB-41C0-99AE-39CC5897E004} = {C6D4CBB2-F19C-4830-A15E-A73477D4401D}
		{562A84E0-1EC4-4676-AB69-FE94988F7F8F} = {C6D4CBB2-F19C-4830-A15E-A73477D4401D}
		{E2BD17BF-E198-40E2-9009-96B4A760CDC1} = {C6D4CBB2-F19C-4830-A15E-A73477D4401D}
		{05675AA1-7DE3-4089-AEFF-D97A4E1CA86F} = {4FDC2D61-D5A2-4A05-A99F-0DFC222072FC}
		{04BA949B-28FD-4778-B97D-E03FD658BDF8} = {05675AA1-7DE3-4089-AEFF-D97A4E1CA86F}
		{708106E6-9EE6-4AEB-A51E-5AB951DF4AB8} = {05675AA1-7DE3-4089-AEFF-D97A4E1CA86F}
		{4E64BB73-17D9-4E0E-9150-2ED3D7C240C9} = {05675AA1-7DE3-4089-AEFF-D97A4E1CA86F}
		{009F3730-ED0B-490E-831D-CEB4FC779EA6} = {05675AA1-7DE3-4089-AEFF-D97A4E1CA86F}
		{525CF2B7-F409-4B76-A424-410A793C4CED} = {15CFC471-2ED9-4CE6-9EB5-C74A95D60362}
		{A12A249B-2A13-4FC9-884C-73E8BF224E22} = {525CF2B7-F409-4B76-A424-410A793C4CED}
		{5888F890-253A-4D39-BC54-6EF6BFE1E6F6} = {525CF2B7-F409-4B76-A424-410A793C4CED}
		{BEBB7081-3144-49A1-83CF-FA843D4530BB} = {525CF2B7-F409-4B76-A424-410A793C4CED}
		{A682BB3C-FC02-48CF-99F1-1D48F0DBB80C} = {525CF2B7-F409-4B76-A424-410A793C4CED}
		{B5529F4B-9FC1-4D94-B322-64733B59A246} = {15CFC471-2ED9-4CE6-9EB5-C74A95D60362}
		{505BE5E4-6914-4051-9FE0-239F70423725} = {B5529F4B-9FC1-4D94-B322-64733B59A246}
		{17781791-3EB2-459B-AABC-F14C9F933E87} = {B5529F4B-9FC1-4D94-B322-64733B59A246}
		{65A6FF68-F536-413D-8625-7E50DAB473C1} = {B5529F4B-9FC1-4D94-B322-64733B59A246}
		{0D695C7B-96A5-4A3A-BF65-ADA857804188} = {B5529F4B-9FC1-4D94-B322-64733B59A246}
	EndGlobalSection
EndGlobal
