
Microsoft Visual Studio Solution File, Format Version 12.00
Project("{2150E333-8FDC-42A3-9474-1A3956D46DE8}") = "src", "src", "{4FDC2D61-D5A2-4A05-A99F-0DFC222072FC}"
EndProject
Project("{2150E333-8FDC-42A3-9474-1A3956D46DE8}") = "API", "API", "{25128BB8-CBA5-40CE-8488-E4C8B822DC22}"
EndProject
Project("{2150E333-8FDC-42A3-9474-1A3956D46DE8}") = "Modules", "Modules", "{15CFC471-2ED9-4CE6-9EB5-C74A95D60362}"
EndProject
Project("{2150E333-8FDC-42A3-9474-1A3956D46DE8}") = "Events", "Events", "{C6D4CBB2-F19C-4830-A15E-A73477D4401D}"
EndProject
Project("{2150E333-8FDC-42A3-9474-1A3956D46DE8}") = "Solution Items", "Solution Items", "{F47CC8D8-DFAE-4D83-8AF5-CA81CC942FFA}"
	ProjectSection(SolutionItems) = preProject
		Directory.build.props = Directory.build.props
		docker-compose.yaml = docker-compose.yaml
		docker-compose.override.yaml = docker-compose.override.yaml
	EndProjectSection
EndProject
Project("{FAE04EC0-301F-11D3-BF4B-00C04F79EFBC}") = "Evently.Api", "src\API\Evently.Api\Evently.Api.csproj", "{1A57BD97-CDA6-44CB-8947-3951BA2915FF}"
EndProject
Project("{FAE04EC0-301F-11D3-BF4B-00C04F79EFBC}") = "Evently.Modules.Events.Api", "src\Modules\Events\Evently.Modules.Events.Api\Evently.Modules.Events.Api.csproj", "{FB0BA289-E458-4A30-BDA5-EFC54111F872}"
EndProject
Project("{FAE04EC0-301F-11D3-BF4B-00C04F79EFBC}") = "Evently.Modules.Events.Domain", "src\Modules\Events\Evently.Modules.Events.Domain\Evently.Modules.Events.Domain.csproj", "{573274EA-71C2-4979-B1D8-2E178049FDA7}"
EndProject
Project("{FAE04EC0-301F-11D3-BF4B-00C04F79EFBC}") = "Evently.Modules.Events.Application", "src\Modules\Events\Evently.Modules.Events.Application\Evently.Modules.Events.Application.csproj", "{E3ED18F9-DBCB-41C0-99AE-39CC5897E004}"
EndProject
Project("{FAE04EC0-301F-11D3-BF4B-00C04F79EFBC}") = "Evently.Modules.Events.Infrastructure", "src\Modules\Events\Evently.Modules.Events.Infrastructure\Evently.Modules.Events.Infrastructure.csproj", "{562A84E0-1EC4-4676-AB69-FE94988F7F8F}"
EndProject
Project("{FAE04EC0-301F-11D3-BF4B-00C04F79EFBC}") = "Evently.Modules.Events.Presentation", "src\Modules\Events\Evently.Modules.Events.Presentation\Evently.Modules.Events.Presentation.csproj", "{E2BD17BF-E198-40E2-9009-96B4A760CDC1}"
EndProject
Global
	GlobalSection(SolutionConfigurationPlatforms) = preSolution
		Debug|Any CPU = Debug|Any CPU
		Release|Any CPU = Release|Any CPU
	EndGlobalSection
	GlobalSection(ProjectConfigurationPlatforms) = postSolution
		{1A57BD97-CDA6-44CB-8947-3951BA2915FF}.Debug|Any CPU.ActiveCfg = Debug|Any CPU
		{1A57BD97-CDA6-44CB-8947-3951BA2915FF}.Debug|Any CPU.Build.0 = Debug|Any CPU
		{1A57BD97-CDA6-44CB-8947-3951BA2915FF}.Release|Any CPU.ActiveCfg = Release|Any CPU
		{1A57BD97-CDA6-44CB-8947-3951BA2915FF}.Release|Any CPU.Build.0 = Release|Any CPU
		{FB0BA289-E458-4A30-BDA5-EFC54111F872}.Debug|Any CPU.ActiveCfg = Debug|Any CPU
		{FB0BA289-E458-4A30-BDA5-EFC54111F872}.Debug|Any CPU.Build.0 = Debug|Any CPU
		{FB0BA289-E458-4A30-BDA5-EFC54111F872}.Release|Any CPU.ActiveCfg = Release|Any CPU
		{FB0BA289-E458-4A30-BDA5-EFC54111F872}.Release|Any CPU.Build.0 = Release|Any CPU
		{573274EA-71C2-4979-B1D8-2E178049FDA7}.Debug|Any CPU.ActiveCfg = Debug|Any CPU
		{573274EA-71C2-4979-B1D8-2E178049FDA7}.Debug|Any CPU.Build.0 = Debug|Any CPU
		{573274EA-71C2-4979-B1D8-2E178049FDA7}.Release|Any CPU.ActiveCfg = Release|Any CPU
		{573274EA-71C2-4979-B1D8-2E178049FDA7}.Release|Any CPU.Build.0 = Release|Any CPU
		{E3ED18F9-DBCB-41C0-99AE-39CC5897E004}.Debug|Any CPU.ActiveCfg = Debug|Any CPU
		{E3ED18F9-DBCB-41C0-99AE-39CC5897E004}.Debug|Any CPU.Build.0 = Debug|Any CPU
		{E3ED18F9-DBCB-41C0-99AE-39CC5897E004}.Release|Any CPU.ActiveCfg = Release|Any CPU
		{E3ED18F9-DBCB-41C0-99AE-39CC5897E004}.Release|Any CPU.Build.0 = Release|Any CPU
		{562A84E0-1EC4-4676-AB69-FE94988F7F8F}.Debug|Any CPU.ActiveCfg = Debug|Any CPU
		{562A84E0-1EC4-4676-AB69-FE94988F7F8F}.Debug|Any CPU.Build.0 = Debug|Any CPU
		{562A84E0-1EC4-4676-AB69-FE94988F7F8F}.Release|Any CPU.ActiveCfg = Release|Any CPU
		{562A84E0-1EC4-4676-AB69-FE94988F7F8F}.Release|Any CPU.Build.0 = Release|Any CPU
		{E2BD17BF-E198-40E2-9009-96B4A760CDC1}.Debug|Any CPU.ActiveCfg = Debug|Any CPU
		{E2BD17BF-E198-40E2-9009-96B4A760CDC1}.Debug|Any CPU.Build.0 = Debug|Any CPU
		{E2BD17BF-E198-40E2-9009-96B4A760CDC1}.Release|Any CPU.ActiveCfg = Release|Any CPU
		{E2BD17BF-E198-40E2-9009-96B4A760CDC1}.Release|Any CPU.Build.0 = Release|Any CPU
	EndGlobalSection
	GlobalSection(NestedProjects) = preSolution
		{25128BB8-CBA5-40CE-8488-E4C8B822DC22} = {4FDC2D61-D5A2-4A05-A99F-0DFC222072FC}
		{15CFC471-2ED9-4CE6-9EB5-C74A95D60362} = {4FDC2D61-D5A2-4A05-A99F-0DFC222072FC}
		{C6D4CBB2-F19C-4830-A15E-A73477D4401D} = {15CFC471-2ED9-4CE6-9EB5-C74A95D60362}
		{1A57BD97-CDA6-44CB-8947-3951BA2915FF} = {25128BB8-CBA5-40CE-8488-E4C8B822DC22}
		{FB0BA289-E458-4A30-BDA5-EFC54111F872} = {C6D4CBB2-F19C-4830-A15E-A73477D4401D}
		{573274EA-71C2-4979-B1D8-2E178049FDA7} = {C6D4CBB2-F19C-4830-A15E-A73477D4401D}
		{E3ED18F9-DBCB-41C0-99AE-39CC5897E004} = {C6D4CBB2-F19C-4830-A15E-A73477D4401D}
		{562A84E0-1EC4-4676-AB69-FE94988F7F8F} = {C6D4CBB2-F19C-4830-A15E-A73477D4401D}
		{E2BD17BF-E198-40E2-9009-96B4A760CDC1} = {C6D4CBB2-F19C-4830-A15E-A73477D4401D}
	EndGlobalSection
EndGlobal
